
Microsoft Visual Studio Solution File, Format Version 12.00
# Visual Studio Version 17
VisualStudioVersion = 17.3.32929.385
MinimumVisualStudioVersion = 10.0.40219.1
Project("{9A19103F-16F7-4668-BE54-9A1E7A4F7556}") = "2_1_Tri_Nombres", "2_1_Tri_Nombres\2_1_Tri_Nombres.csproj", "{D75E13DC-0B8D-409D-AFB7-29B5DF9D13B2}"
EndProject
Project("{9A19103F-16F7-4668-BE54-9A1E7A4F7556}") = "2_2_Majeur", "2_2_Majeur\2_2_Majeur.csproj", "{103E0ADA-36A9-4881-ADEA-D5DF06637111}"
EndProject
Project("{9A19103F-16F7-4668-BE54-9A1E7A4F7556}") = "2_3_Retraite", "2_3_Retraite\2_3_Retraite.csproj", "{0D71E675-4A78-4250-8015-20A465CEC26D}"
EndProject
Project("{9A19103F-16F7-4668-BE54-9A1E7A4F7556}") = "2_5_Bicyclette", "2_5_Bicyclette\2_5_Bicyclette.csproj", "{43C090A3-C3E8-4451-AF26-116CC3D72EDD}"
EndProject
Project("{9A19103F-16F7-4668-BE54-9A1E7A4F7556}") = "2_4_Tri_Nombres++", "2_4_Tri_Nombres++\2_4_Tri_Nombres++.csproj", "{0761D25D-E458-4745-90E0-830F8DFB5C35}"
EndProject
Global
	GlobalSection(SolutionConfigurationPlatforms) = preSolution
		Debug|Any CPU = Debug|Any CPU
		Release|Any CPU = Release|Any CPU
	EndGlobalSection
	GlobalSection(ProjectConfigurationPlatforms) = postSolution
		{D75E13DC-0B8D-409D-AFB7-29B5DF9D13B2}.Debug|Any CPU.ActiveCfg = Debug|Any CPU
		{D75E13DC-0B8D-409D-AFB7-29B5DF9D13B2}.Debug|Any CPU.Build.0 = Debug|Any CPU
		{D75E13DC-0B8D-409D-AFB7-29B5DF9D13B2}.Release|Any CPU.ActiveCfg = Release|Any CPU
		{D75E13DC-0B8D-409D-AFB7-29B5DF9D13B2}.Release|Any CPU.Build.0 = Release|Any CPU
		{103E0ADA-36A9-4881-ADEA-D5DF06637111}.Debug|Any CPU.ActiveCfg = Debug|Any CPU
		{103E0ADA-36A9-4881-ADEA-D5DF06637111}.Debug|Any CPU.Build.0 = Debug|Any CPU
		{103E0ADA-36A9-4881-ADEA-D5DF06637111}.Release|Any CPU.ActiveCfg = Release|Any CPU
		{103E0ADA-36A9-4881-ADEA-D5DF06637111}.Release|Any CPU.Build.0 = Release|Any CPU
		{0D71E675-4A78-4250-8015-20A465CEC26D}.Debug|Any CPU.ActiveCfg = Debug|Any CPU
		{0D71E675-4A78-4250-8015-20A465CEC26D}.Debug|Any CPU.Build.0 = Debug|Any CPU
		{0D71E675-4A78-4250-8015-20A465CEC26D}.Release|Any CPU.ActiveCfg = Release|Any CPU
		{0D71E675-4A78-4250-8015-20A465CEC26D}.Release|Any CPU.Build.0 = Release|Any CPU
		{43C090A3-C3E8-4451-AF26-116CC3D72EDD}.Debug|Any CPU.ActiveCfg = Debug|Any CPU
		{43C090A3-C3E8-4451-AF26-116CC3D72EDD}.Debug|Any CPU.Build.0 = Debug|Any CPU
		{43C090A3-C3E8-4451-AF26-116CC3D72EDD}.Release|Any CPU.ActiveCfg = Release|Any CPU
		{43C090A3-C3E8-4451-AF26-116CC3D72EDD}.Release|Any CPU.Build.0 = Release|Any CPU
		{0761D25D-E458-4745-90E0-830F8DFB5C35}.Debug|Any CPU.ActiveCfg = Debug|Any CPU
		{0761D25D-E458-4745-90E0-830F8DFB5C35}.Debug|Any CPU.Build.0 = Debug|Any CPU
		{0761D25D-E458-4745-90E0-830F8DFB5C35}.Release|Any CPU.ActiveCfg = Release|Any CPU
		{0761D25D-E458-4745-90E0-830F8DFB5C35}.Release|Any CPU.Build.0 = Release|Any CPU
	EndGlobalSection
	GlobalSection(SolutionProperties) = preSolution
		HideSolutionNode = FALSE
	EndGlobalSection
	GlobalSection(ExtensibilityGlobals) = postSolution
		SolutionGuid = {FAC15BEE-7E4C-4433-8301-3C176CADF938}
	EndGlobalSection
EndGlobal
