
Microsoft Visual Studio Solution File, Format Version 12.00
# Visual Studio Version 17
VisualStudioVersion = 17.3.32929.385
MinimumVisualStudioVersion = 10.0.40219.1
Project("{FAE04EC0-301F-11D3-BF4B-00C04F79EFBC}") = "tp-emprunt", "tp-emprunt.csproj", "{09CFCBAC-9298-4591-A0B1-4A2AF4D3F10F}"
EndProject
Global
	GlobalSection(SolutionConfigurationPlatforms) = preSolution
		Debug|Any CPU = Debug|Any CPU
		Release|Any CPU = Release|Any CPU
	EndGlobalSection
	GlobalSection(ProjectConfigurationPlatforms) = postSolution
		{09CFCBAC-9298-4591-A0B1-4A2AF4D3F10F}.Debug|Any CPU.ActiveCfg = Debug|Any CPU
		{09CFCBAC-9298-4591-A0B1-4A2AF4D3F10F}.Debug|Any CPU.Build.0 = Debug|Any CPU
		{09CFCBAC-9298-4591-A0B1-4A2AF4D3F10F}.Release|Any CPU.ActiveCfg = Release|Any CPU
		{09CFCBAC-9298-4591-A0B1-4A2AF4D3F10F}.Release|Any CPU.Build.0 = Release|Any CPU
	EndGlobalSection
	GlobalSection(SolutionProperties) = preSolution
		HideSolutionNode = FALSE
	EndGlobalSection
	GlobalSection(ExtensibilityGlobals) = postSolution
		SolutionGuid = {C8655603-28CC-4786-848B-092C722050AE}
	EndGlobalSection
EndGlobal
