
Microsoft Visual Studio Solution File, Format Version 12.00
# Visual Studio Version 17
VisualStudioVersion = 17.3.32929.385
MinimumVisualStudioVersion = 10.0.40219.1
Project("{FAE04EC0-301F-11D3-BF4B-00C04F79EFBC}") = "tp-yoghurts", "tp-yoghurts.csproj", "{EF0C2BF8-EBFD-4CF8-B406-204AF9332035}"
EndProject
Global
	GlobalSection(SolutionConfigurationPlatforms) = preSolution
		Debug|Any CPU = Debug|Any CPU
		Release|Any CPU = Release|Any CPU
	EndGlobalSection
	GlobalSection(ProjectConfigurationPlatforms) = postSolution
		{EF0C2BF8-EBFD-4CF8-B406-204AF9332035}.Debug|Any CPU.ActiveCfg = Debug|Any CPU
		{EF0C2BF8-EBFD-4CF8-B406-204AF9332035}.Debug|Any CPU.Build.0 = Debug|Any CPU
		{EF0C2BF8-EBFD-4CF8-B406-204AF9332035}.Release|Any CPU.ActiveCfg = Release|Any CPU
		{EF0C2BF8-EBFD-4CF8-B406-204AF9332035}.Release|Any CPU.Build.0 = Release|Any CPU
	EndGlobalSection
	GlobalSection(SolutionProperties) = preSolution
		HideSolutionNode = FALSE
	EndGlobalSection
	GlobalSection(ExtensibilityGlobals) = postSolution
		SolutionGuid = {C3E7F1E8-D41F-4F7A-90F2-FD27D75381A2}
	EndGlobalSection
EndGlobal
