
Microsoft Visual Studio Solution File, Format Version 12.00
# Visual Studio Version 17
VisualStudioVersion = 17.3.32929.385
MinimumVisualStudioVersion = 10.0.40219.1
Project("{9A19103F-16F7-4668-BE54-9A1E7A4F7556}") = "5_1_Nombres_Parfaits", "5_1_Nombres_Parfaits\5_1_Nombres_Parfaits.csproj", "{EAADA33D-9D15-42F3-A9CA-94CECBD9DBDD}"
EndProject
Project("{9A19103F-16F7-4668-BE54-9A1E7A4F7556}") = "5_2_1_Conversion_Kilometres_Miles", "5_2_1_Conversion_Kilometres_Miles\5_2_1_Conversion_Kilometres_Miles.csproj", "{F5E41A42-DECF-4076-AE0D-5488E83973F4}"
EndProject
Project("{9A19103F-16F7-4668-BE54-9A1E7A4F7556}") = "5_2_2_Conversion_Kilometres_Miles", "5_2_2_Conversion_Kilometres_Miles\5_2_2_Conversion_Kilometres_Miles.csproj", "{05E94FF9-5FFC-4664-A4FB-A56EDEAD8559}"
EndProject
Project("{9A19103F-16F7-4668-BE54-9A1E7A4F7556}") = "5_3_1_Conversion_Fahrenheit_Celsius", "5_3_1_Conversion_Fahrenheit_Celsius\5_3_1_Conversion_Fahrenheit_Celsius.csproj", "{E3B0B28E-B902-489F-8AD5-3E1A12FF24CC}"
EndProject
Project("{FAE04EC0-301F-11D3-BF4B-00C04F79EFBC}") = "5_3_2_Conversion_Fahrenheit_Celsius", "5_3_2_Conversion_Fahrenheit_Celsius\5_3_2_Conversion_Fahrenheit_Celsius.csproj", "{A2CD105A-6375-41A9-8DDA-3E146BFCF60F}"
EndProject
Global
	GlobalSection(SolutionConfigurationPlatforms) = preSolution
		Debug|Any CPU = Debug|Any CPU
		Release|Any CPU = Release|Any CPU
	EndGlobalSection
	GlobalSection(ProjectConfigurationPlatforms) = postSolution
		{EAADA33D-9D15-42F3-A9CA-94CECBD9DBDD}.Debug|Any CPU.ActiveCfg = Debug|Any CPU
		{EAADA33D-9D15-42F3-A9CA-94CECBD9DBDD}.Debug|Any CPU.Build.0 = Debug|Any CPU
		{EAADA33D-9D15-42F3-A9CA-94CECBD9DBDD}.Release|Any CPU.ActiveCfg = Release|Any CPU
		{EAADA33D-9D15-42F3-A9CA-94CECBD9DBDD}.Release|Any CPU.Build.0 = Release|Any CPU
		{F5E41A42-DECF-4076-AE0D-5488E83973F4}.Debug|Any CPU.ActiveCfg = Debug|Any CPU
		{F5E41A42-DECF-4076-AE0D-5488E83973F4}.Debug|Any CPU.Build.0 = Debug|Any CPU
		{F5E41A42-DECF-4076-AE0D-5488E83973F4}.Release|Any CPU.ActiveCfg = Release|Any CPU
		{F5E41A42-DECF-4076-AE0D-5488E83973F4}.Release|Any CPU.Build.0 = Release|Any CPU
		{05E94FF9-5FFC-4664-A4FB-A56EDEAD8559}.Debug|Any CPU.ActiveCfg = Debug|Any CPU
		{05E94FF9-5FFC-4664-A4FB-A56EDEAD8559}.Debug|Any CPU.Build.0 = Debug|Any CPU
		{05E94FF9-5FFC-4664-A4FB-A56EDEAD8559}.Release|Any CPU.ActiveCfg = Release|Any CPU
		{05E94FF9-5FFC-4664-A4FB-A56EDEAD8559}.Release|Any CPU.Build.0 = Release|Any CPU
		{E3B0B28E-B902-489F-8AD5-3E1A12FF24CC}.Debug|Any CPU.ActiveCfg = Debug|Any CPU
		{E3B0B28E-B902-489F-8AD5-3E1A12FF24CC}.Debug|Any CPU.Build.0 = Debug|Any CPU
		{E3B0B28E-B902-489F-8AD5-3E1A12FF24CC}.Release|Any CPU.ActiveCfg = Release|Any CPU
		{E3B0B28E-B902-489F-8AD5-3E1A12FF24CC}.Release|Any CPU.Build.0 = Release|Any CPU
		{A2CD105A-6375-41A9-8DDA-3E146BFCF60F}.Debug|Any CPU.ActiveCfg = Debug|Any CPU
		{A2CD105A-6375-41A9-8DDA-3E146BFCF60F}.Debug|Any CPU.Build.0 = Debug|Any CPU
		{A2CD105A-6375-41A9-8DDA-3E146BFCF60F}.Release|Any CPU.ActiveCfg = Release|Any CPU
		{A2CD105A-6375-41A9-8DDA-3E146BFCF60F}.Release|Any CPU.Build.0 = Release|Any CPU
	EndGlobalSection
	GlobalSection(SolutionProperties) = preSolution
		HideSolutionNode = FALSE
	EndGlobalSection
	GlobalSection(ExtensibilityGlobals) = postSolution
		SolutionGuid = {D90485A6-6988-448C-9D26-E375137FC01D}
	EndGlobalSection
EndGlobal
