
Microsoft Visual Studio Solution File, Format Version 12.00
# Visual Studio Version 17
VisualStudioVersion = 17.3.32929.385
MinimumVisualStudioVersion = 10.0.40219.1
Project("{9A19103F-16F7-4668-BE54-9A1E7A4F7556}") = "6_2_Jeu_Zero_Deux", "6_2_Jeu_Zero_Deux\6_2_Jeu_Zero_Deux.csproj", "{54A06038-ABB4-4D20-A441-F63295012F7D}"
EndProject
Project("{9A19103F-16F7-4668-BE54-9A1E7A4F7556}") = "6_1_Fruits_Legumes", "6_1_Fruits_Legumes\6_1_Fruits_Legumes.csproj", "{8600DE6F-6078-462F-8D68-46A124860D81}"
EndProject
Project("{FAE04EC0-301F-11D3-BF4B-00C04F79EFBC}") = "6_3_1_Nombre_Jeunes", "6_3_1_Nombre_Jeunes\6_3_1_Nombre_Jeunes.csproj", "{933180D2-97C4-4AEC-BB42-A18B7E2FCAEC}"
EndProject
Project("{FAE04EC0-301F-11D3-BF4B-00C04F79EFBC}") = "6_3_2_Nombre_Personnes_Categorie", "6_3_2_Nombre_Personnes_Categorie\6_3_2_Nombre_Personnes_Categorie.csproj", "{C1ECFC40-CF7B-47D2-83A1-56DD9FE5F8C9}"
EndProject
Project("{FAE04EC0-301F-11D3-BF4B-00C04F79EFBC}") = "6_4_Denombrer_Lettres_Alphabet", "6_4_Denombrer_Lettres_Alphabet\6_4_Denombrer_Lettres_Alphabet.csproj", "{82A80345-0DB5-4080-8392-8B454B22ACB4}"
EndProject
Global
	GlobalSection(SolutionConfigurationPlatforms) = preSolution
		Debug|Any CPU = Debug|Any CPU
		Release|Any CPU = Release|Any CPU
	EndGlobalSection
	GlobalSection(ProjectConfigurationPlatforms) = postSolution
		{54A06038-ABB4-4D20-A441-F63295012F7D}.Debug|Any CPU.ActiveCfg = Debug|Any CPU
		{54A06038-ABB4-4D20-A441-F63295012F7D}.Debug|Any CPU.Build.0 = Debug|Any CPU
		{54A06038-ABB4-4D20-A441-F63295012F7D}.Release|Any CPU.ActiveCfg = Release|Any CPU
		{54A06038-ABB4-4D20-A441-F63295012F7D}.Release|Any CPU.Build.0 = Release|Any CPU
		{8600DE6F-6078-462F-8D68-46A124860D81}.Debug|Any CPU.ActiveCfg = Debug|Any CPU
		{8600DE6F-6078-462F-8D68-46A124860D81}.Debug|Any CPU.Build.0 = Debug|Any CPU
		{8600DE6F-6078-462F-8D68-46A124860D81}.Release|Any CPU.ActiveCfg = Release|Any CPU
		{8600DE6F-6078-462F-8D68-46A124860D81}.Release|Any CPU.Build.0 = Release|Any CPU
		{933180D2-97C4-4AEC-BB42-A18B7E2FCAEC}.Debug|Any CPU.ActiveCfg = Debug|Any CPU
		{933180D2-97C4-4AEC-BB42-A18B7E2FCAEC}.Debug|Any CPU.Build.0 = Debug|Any CPU
		{933180D2-97C4-4AEC-BB42-A18B7E2FCAEC}.Release|Any CPU.ActiveCfg = Release|Any CPU
		{933180D2-97C4-4AEC-BB42-A18B7E2FCAEC}.Release|Any CPU.Build.0 = Release|Any CPU
		{C1ECFC40-CF7B-47D2-83A1-56DD9FE5F8C9}.Debug|Any CPU.ActiveCfg = Debug|Any CPU
		{C1ECFC40-CF7B-47D2-83A1-56DD9FE5F8C9}.Debug|Any CPU.Build.0 = Debug|Any CPU
		{C1ECFC40-CF7B-47D2-83A1-56DD9FE5F8C9}.Release|Any CPU.ActiveCfg = Release|Any CPU
		{C1ECFC40-CF7B-47D2-83A1-56DD9FE5F8C9}.Release|Any CPU.Build.0 = Release|Any CPU
		{82A80345-0DB5-4080-8392-8B454B22ACB4}.Debug|Any CPU.ActiveCfg = Debug|Any CPU
		{82A80345-0DB5-4080-8392-8B454B22ACB4}.Debug|Any CPU.Build.0 = Debug|Any CPU
		{82A80345-0DB5-4080-8392-8B454B22ACB4}.Release|Any CPU.ActiveCfg = Release|Any CPU
		{82A80345-0DB5-4080-8392-8B454B22ACB4}.Release|Any CPU.Build.0 = Release|Any CPU
	EndGlobalSection
	GlobalSection(SolutionProperties) = preSolution
		HideSolutionNode = FALSE
	EndGlobalSection
	GlobalSection(ExtensibilityGlobals) = postSolution
		SolutionGuid = {F0F4F64A-04A8-409E-9AEE-4F846855038C}
	EndGlobalSection
EndGlobal
