
Microsoft Visual Studio Solution File, Format Version 12.00
# Visual Studio Version 17
VisualStudioVersion = 17.3.32929.385
MinimumVisualStudioVersion = 10.0.40219.1
Project("{9A19103F-16F7-4668-BE54-9A1E7A4F7556}") = "4_1_Recherche_Nombre", "4_1_Recherche_Nombre\4_1_Recherche_Nombre.csproj", "{D3283263-AFDF-4244-A7A1-C76543986766}"
EndProject
Project("{FAE04EC0-301F-11D3-BF4B-00C04F79EFBC}") = "4_2_Recherche_Lettre", "4_2_Recherche_Lettre\4_2_Recherche_Lettre.csproj", "{19CF5071-9D3C-41A5-9A65-29A38580CC7B}"
EndProject
Project("{FAE04EC0-301F-11D3-BF4B-00C04F79EFBC}") = "4_3_Denombrer_Alphabet", "4_3_Denombrer_Alphabet\4_3_Denombrer_Alphabet.csproj", "{2138C235-8888-49AA-AF93-F3BAB34825E2}"
EndProject
Global
	GlobalSection(SolutionConfigurationPlatforms) = preSolution
		Debug|Any CPU = Debug|Any CPU
		Release|Any CPU = Release|Any CPU
	EndGlobalSection
	GlobalSection(ProjectConfigurationPlatforms) = postSolution
		{D3283263-AFDF-4244-A7A1-C76543986766}.Debug|Any CPU.ActiveCfg = Debug|Any CPU
		{D3283263-AFDF-4244-A7A1-C76543986766}.Debug|Any CPU.Build.0 = Debug|Any CPU
		{D3283263-AFDF-4244-A7A1-C76543986766}.Release|Any CPU.ActiveCfg = Release|Any CPU
		{D3283263-AFDF-4244-A7A1-C76543986766}.Release|Any CPU.Build.0 = Release|Any CPU
		{19CF5071-9D3C-41A5-9A65-29A38580CC7B}.Debug|Any CPU.ActiveCfg = Debug|Any CPU
		{19CF5071-9D3C-41A5-9A65-29A38580CC7B}.Debug|Any CPU.Build.0 = Debug|Any CPU
		{19CF5071-9D3C-41A5-9A65-29A38580CC7B}.Release|Any CPU.ActiveCfg = Release|Any CPU
		{19CF5071-9D3C-41A5-9A65-29A38580CC7B}.Release|Any CPU.Build.0 = Release|Any CPU
		{2138C235-8888-49AA-AF93-F3BAB34825E2}.Debug|Any CPU.ActiveCfg = Debug|Any CPU
		{2138C235-8888-49AA-AF93-F3BAB34825E2}.Debug|Any CPU.Build.0 = Debug|Any CPU
		{2138C235-8888-49AA-AF93-F3BAB34825E2}.Release|Any CPU.ActiveCfg = Release|Any CPU
		{2138C235-8888-49AA-AF93-F3BAB34825E2}.Release|Any CPU.Build.0 = Release|Any CPU
	EndGlobalSection
	GlobalSection(SolutionProperties) = preSolution
		HideSolutionNode = FALSE
	EndGlobalSection
	GlobalSection(ExtensibilityGlobals) = postSolution
		SolutionGuid = {88230700-809D-4670-917D-9934FDF2C874}
	EndGlobalSection
EndGlobal
