
Microsoft Visual Studio Solution File, Format Version 12.00
# Visual Studio Version 17
VisualStudioVersion = 17.3.32929.385
MinimumVisualStudioVersion = 10.0.40219.1
Project("{9A19103F-16F7-4668-BE54-9A1E7A4F7556}") = "Bouteille", "Bouteille.csproj", "{57AF482B-A873-48F0-868A-A07F340D951B}"
EndProject
Project("{9A19103F-16F7-4668-BE54-9A1E7A4F7556}") = "BouteilleTests", "..\BouteilleTests\BouteilleTests.csproj", "{0FC9670B-F69E-4967-A97A-E4819894E8B6}"
EndProject
Global
	GlobalSection(SolutionConfigurationPlatforms) = preSolution
		Debug|Any CPU = Debug|Any CPU
		Release|Any CPU = Release|Any CPU
	EndGlobalSection
	GlobalSection(ProjectConfigurationPlatforms) = postSolution
		{57AF482B-A873-48F0-868A-A07F340D951B}.Debug|Any CPU.ActiveCfg = Debug|Any CPU
		{57AF482B-A873-48F0-868A-A07F340D951B}.Debug|Any CPU.Build.0 = Debug|Any CPU
		{57AF482B-A873-48F0-868A-A07F340D951B}.Release|Any CPU.ActiveCfg = Release|Any CPU
		{57AF482B-A873-48F0-868A-A07F340D951B}.Release|Any CPU.Build.0 = Release|Any CPU
		{0FC9670B-F69E-4967-A97A-E4819894E8B6}.Debug|Any CPU.ActiveCfg = Debug|Any CPU
		{0FC9670B-F69E-4967-A97A-E4819894E8B6}.Debug|Any CPU.Build.0 = Debug|Any CPU
		{0FC9670B-F69E-4967-A97A-E4819894E8B6}.Release|Any CPU.ActiveCfg = Release|Any CPU
		{0FC9670B-F69E-4967-A97A-E4819894E8B6}.Release|Any CPU.Build.0 = Release|Any CPU
	EndGlobalSection
	GlobalSection(SolutionProperties) = preSolution
		HideSolutionNode = FALSE
	EndGlobalSection
	GlobalSection(ExtensibilityGlobals) = postSolution
		SolutionGuid = {D87F5246-509F-4D3A-BAD1-750D79AC3797}
	EndGlobalSection
EndGlobal
