
Microsoft Visual Studio Solution File, Format Version 12.00
# Visual Studio Version 17
VisualStudioVersion = 17.3.32929.385
MinimumVisualStudioVersion = 10.0.40219.1
Project("{FAE04EC0-301F-11D3-BF4B-00C04F79EFBC}") = "tp-twisted", "tp-twisted.csproj", "{756A65CA-B220-43F7-BE64-9F02243F1D3B}"
EndProject
Global
	GlobalSection(SolutionConfigurationPlatforms) = preSolution
		Debug|Any CPU = Debug|Any CPU
		Release|Any CPU = Release|Any CPU
	EndGlobalSection
	GlobalSection(ProjectConfigurationPlatforms) = postSolution
		{756A65CA-B220-43F7-BE64-9F02243F1D3B}.Debug|Any CPU.ActiveCfg = Debug|Any CPU
		{756A65CA-B220-43F7-BE64-9F02243F1D3B}.Debug|Any CPU.Build.0 = Debug|Any CPU
		{756A65CA-B220-43F7-BE64-9F02243F1D3B}.Release|Any CPU.ActiveCfg = Release|Any CPU
		{756A65CA-B220-43F7-BE64-9F02243F1D3B}.Release|Any CPU.Build.0 = Release|Any CPU
	EndGlobalSection
	GlobalSection(SolutionProperties) = preSolution
		HideSolutionNode = FALSE
	EndGlobalSection
	GlobalSection(ExtensibilityGlobals) = postSolution
		SolutionGuid = {F174038B-26AF-4E76-BF47-ED67DA64702D}
	EndGlobalSection
EndGlobal
