
Microsoft Visual Studio Solution File, Format Version 12.00
# Visual Studio Version 17
VisualStudioVersion = 17.3.32929.385
MinimumVisualStudioVersion = 10.0.40219.1
Project("{FAE04EC0-301F-11D3-BF4B-00C04F79EFBC}") = "Point", "Point.csproj", "{938D0CBE-8E47-4969-84E7-8F5E76FEC85C}"
EndProject
Global
	GlobalSection(SolutionConfigurationPlatforms) = preSolution
		Debug|Any CPU = Debug|Any CPU
		Release|Any CPU = Release|Any CPU
	EndGlobalSection
	GlobalSection(ProjectConfigurationPlatforms) = postSolution
		{938D0CBE-8E47-4969-84E7-8F5E76FEC85C}.Debug|Any CPU.ActiveCfg = Debug|Any CPU
		{938D0CBE-8E47-4969-84E7-8F5E76FEC85C}.Debug|Any CPU.Build.0 = Debug|Any CPU
		{938D0CBE-8E47-4969-84E7-8F5E76FEC85C}.Release|Any CPU.ActiveCfg = Release|Any CPU
		{938D0CBE-8E47-4969-84E7-8F5E76FEC85C}.Release|Any CPU.Build.0 = Release|Any CPU
	EndGlobalSection
	GlobalSection(SolutionProperties) = preSolution
		HideSolutionNode = FALSE
	EndGlobalSection
	GlobalSection(ExtensibilityGlobals) = postSolution
		SolutionGuid = {F79E5C25-EE34-4E04-8068-D1C84A7B7281}
	EndGlobalSection
EndGlobal
