
Microsoft Visual Studio Solution File, Format Version 12.00
# Visual Studio Version 17
VisualStudioVersion = 17.3.32929.385
MinimumVisualStudioVersion = 10.0.40219.1
Project("{FAE04EC0-301F-11D3-BF4B-00C04F79EFBC}") = "ConsolePapillon", "ConsolePapillon.csproj", "{E1583B71-AD5E-4FFA-832D-4045CA9BC007}"
EndProject
Global
	GlobalSection(SolutionConfigurationPlatforms) = preSolution
		Debug|Any CPU = Debug|Any CPU
		Release|Any CPU = Release|Any CPU
	EndGlobalSection
	GlobalSection(ProjectConfigurationPlatforms) = postSolution
		{E1583B71-AD5E-4FFA-832D-4045CA9BC007}.Debug|Any CPU.ActiveCfg = Debug|Any CPU
		{E1583B71-AD5E-4FFA-832D-4045CA9BC007}.Debug|Any CPU.Build.0 = Debug|Any CPU
		{E1583B71-AD5E-4FFA-832D-4045CA9BC007}.Release|Any CPU.ActiveCfg = Release|Any CPU
		{E1583B71-AD5E-4FFA-832D-4045CA9BC007}.Release|Any CPU.Build.0 = Release|Any CPU
	EndGlobalSection
	GlobalSection(SolutionProperties) = preSolution
		HideSolutionNode = FALSE
	EndGlobalSection
	GlobalSection(ExtensibilityGlobals) = postSolution
		SolutionGuid = {78C559AA-B5CC-42E4-9D6E-6FA946456F0B}
	EndGlobalSection
EndGlobal
